schema: '2.0'
stages:
  prepare_base_model:
    cmd: python src/cnnClassifier/pipeline/stage_02_prepare_base_model.py
    deps:
    - path: config/config.yaml
      hash: md5
      md5: d09d39f746085b9f87c6ddd5e35c3885
      size: 580
    - path: src/cnnClassifier/pipeline/stage_02_prepare_base_model.py
      hash: md5
      md5: e8e39a301f4b90d1b4f2c86acc66ef32
      size: 999
    params:
      params.yaml:
        CLASSES: 2
        IMAGE_SIZE:
        - 224
        - 224
        - 3
        INCLUDE_TOP: false
        LEARNING_RATE: 0.01
        WEIGHTS: imagenet
    outs:
    - path: artifacts/prepare_base_model
      hash: md5
      md5: 045577d54372a896e840afd170411b92.dir
      size: 118054560
      nfiles: 2
  training:
    cmd: python src/cnnClassifier/pipeline/stage_03_model_training.py
    deps:
    - path: artifacts/prepare_base_model
      hash: md5
      md5: 045577d54372a896e840afd170411b92.dir
      size: 118054560
      nfiles: 2
    - path: artifacts\data_ingestion\kydney-ct-scan-images
      hash: md5
      md5: d8cc9aaa7377db792caf75dfffd95772.dir
      size: 253031020
      nfiles: 2000
    - path: config/config.yaml
      hash: md5
      md5: d09d39f746085b9f87c6ddd5e35c3885
      size: 580
    - path: src/cnnClassifier/pipeline/stage_03_model_training.py
      hash: md5
      md5: 0b5d68d520496bb7c1c8f5b3d7888dde
      size: 927
    params:
      params.yaml:
        AUGMENTATION: true
        BATCH_SIZE: 16
        EPOCHS: 8
        IMAGE_SIZE:
        - 224
        - 224
        - 3
    outs:
    - path: artifacts/training/model.h5
      hash: md5
      md5: e59180ad88a4c0d24e491418d2a52f91
      size: 59337520
  evaluation:
    cmd: python src/cnnClassifier/pipeline/stage_04_model_evaluation.py
    deps:
    - path: artifacts/training/model.h5
      hash: md5
      md5: e59180ad88a4c0d24e491418d2a52f91
      size: 59337520
    - path: artifacts\data_ingestion\kydney-ct-scan-images
      hash: md5
      md5: d8cc9aaa7377db792caf75dfffd95772.dir
      size: 253031020
      nfiles: 2000
    - path: config/config.yaml
      hash: md5
      md5: d09d39f746085b9f87c6ddd5e35c3885
      size: 580
    - path: src/cnnClassifier/pipeline/stage_04_model_evaluation.py
      hash: md5
      md5: e5acfe1c4e9e0a3f116bebf9898cb1ee
      size: 938
    params:
      params.yaml:
        BATCH_SIZE: 16
        IMAGE_SIZE:
        - 224
        - 224
        - 3
    outs:
    - path: scores.json
      hash: md5
      md5: 8d137402c8ebece7999977b9b617b225
      size: 73
